
Microsoft Visual Studio Solution File, Format Version 12.00
# Visual Studio Version 17
VisualStudioVersion = 17.0.31903.59
MinimumVisualStudioVersion = 10.0.40219.1
Project("{FAE04EC0-301F-11D3-BF4B-00C04F79EFBC}") = "CH.Web", "CH.Web\CH.Web.csproj", "{5D4CC06E-F94A-40D5-8F5B-ACA2511658A2}"
EndProject
Global
	GlobalSection(SolutionConfigurationPlatforms) = preSolution
		Debug|Any CPU = Debug|Any CPU
		Release|Any CPU = Release|Any CPU
	EndGlobalSection
	GlobalSection(ProjectConfigurationPlatforms) = postSolution
		{5D4CC06E-F94A-40D5-8F5B-ACA2511658A2}.Debug|Any CPU.ActiveCfg = Debug|Any CPU
		{5D4CC06E-F94A-40D5-8F5B-ACA2511658A2}.Debug|Any CPU.Build.0 = Debug|Any CPU
		{5D4CC06E-F94A-40D5-8F5B-ACA2511658A2}.Release|Any CPU.ActiveCfg = Release|Any CPU
		{5D4CC06E-F94A-40D5-8F5B-ACA2511658A2}.Release|Any CPU.Build.0 = Release|Any CPU
	EndGlobalSection
	GlobalSection(SolutionProperties) = preSolution
		HideSolutionNode = FALSE
	EndGlobalSection
	GlobalSection(ExtensibilityGlobals) = postSolution
		SolutionGuid = {D6640193-D82A-44E6-B74F-DF2E5F4F17CD}
	EndGlobalSection
EndGlobal
